{
  "nodes": {
    "nixpkgs": {
      "locked": {
        "lastModified": 1785593823,
        "narHash": "sha256-Q/vFcWxzwchkKCgFHSdAsdKjweXyvkXSamYZLdRg/q8=",
        "owner": "nixos",
        "repo": "nixpkgs",
        "rev": "69a8543bc7f52ae802f5493d9615809ef9d13974",
        "type": "github"
      },
      "original": {
        "owner": "nixos",
        "repo": "nixpkgs",
        "type": "github"
      }
    },
    "root": {
      "inputs": {
        "nixpkgs": "nixpkgs"
      }
    }
  },
  "root": "root",
  "version": 7
}
